// !$*UTF8*$!
{
	archiveVersion = 1;
	classes = {
	};
	objectVersion = 55;
	objects = {

/* Begin PBXBuildFile section */
		EA8CB63A2771025C00CAF379 /* ActivityStats.swift in Sources */ = {isa = PBXBuildFile; fileRef = EA8CB6392771025C00CAF379 /* ActivityStats.swift */; };
		EA8CB64527724A7800CAF379 /* MockJSONAthleteStats.json in Resources */ = {isa = PBXBuildFile; fileRef = EA8CB64427724A7800CAF379 /* MockJSONAthleteStats.json */; };
		EAD19626276B9644005A132C /* Extensions.swift in Sources */ = {isa = PBXBuildFile; fileRef = EAD19625276B9644005A132C /* Extensions.swift */; };
		EAD1962A276BD11F005A132C /* Keys.swift in Sources */ = {isa = PBXBuildFile; fileRef = EAD19629276BD11F005A132C /* Keys.swift */; };
		EAD1962C276CD621005A132C /* ImageLoader.swift in Sources */ = {isa = PBXBuildFile; fileRef = EAD1962B276CD621005A132C /* ImageLoader.swift */; };
		EAD19632276D34C1005A132C /* CacheManager.swift in Sources */ = {isa = PBXBuildFile; fileRef = EAD19631276D34C1005A132C /* CacheManager.swift */; };
		EAD19634276E6C86005A132C /* ProfileViewModelSpec.swift in Sources */ = {isa = PBXBuildFile; fileRef = EAD19633276E6C86005A132C /* ProfileViewModelSpec.swift */; };
		EAD19636276E6CE1005A132C /* MockStravaAPICaller.swift in Sources */ = {isa = PBXBuildFile; fileRef = EAD19635276E6CE1005A132C /* MockStravaAPICaller.swift */; };
		EAF7AF28276112FE0092F617 /* AthleteAnalyticsApp.swift in Sources */ = {isa = PBXBuildFile; fileRef = EAF7AF27276112FE0092F617 /* AthleteAnalyticsApp.swift */; };
		EAF7AF2C276113000092F617 /* Assets.xcassets in Resources */ = {isa = PBXBuildFile; fileRef = EAF7AF2B276113000092F617 /* Assets.xcassets */; };
		EAF7AF2F276113000092F617 /* Preview Assets.xcassets in Resources */ = {isa = PBXBuildFile; fileRef = EAF7AF2E276113000092F617 /* Preview Assets.xcassets */; };
		EAF7AF39276113000092F617 /* AthleteAnalyticsTests.swift in Sources */ = {isa = PBXBuildFile; fileRef = EAF7AF38276113000092F617 /* AthleteAnalyticsTests.swift */; };
		EAF7AF43276113000092F617 /* AthleteAnalyticsUITests.swift in Sources */ = {isa = PBXBuildFile; fileRef = EAF7AF42276113000092F617 /* AthleteAnalyticsUITests.swift */; };
		EAF7AF45276113000092F617 /* AthleteAnalyticsUITestsLaunchTests.swift in Sources */ = {isa = PBXBuildFile; fileRef = EAF7AF44276113000092F617 /* AthleteAnalyticsUITestsLaunchTests.swift */; };
		EAF7AF59276113180092F617 /* SignInView.swift in Sources */ = {isa = PBXBuildFile; fileRef = EAF7AF51276113180092F617 /* SignInView.swift */; };
		EAF7AF5B276113180092F617 /* Athlete.swift in Sources */ = {isa = PBXBuildFile; fileRef = EAF7AF53276113180092F617 /* Athlete.swift */; };
		EAF7AF5C276113180092F617 /* SignInViewModel.swift in Sources */ = {isa = PBXBuildFile; fileRef = EAF7AF54276113180092F617 /* SignInViewModel.swift */; };
		EAF7AF5D276113180092F617 /* ProfileViewModel.swift in Sources */ = {isa = PBXBuildFile; fileRef = EAF7AF55276113180092F617 /* ProfileViewModel.swift */; };
		EAF7AF5E276113180092F617 /* StravaAPICaller.swift in Sources */ = {isa = PBXBuildFile; fileRef = EAF7AF56276113180092F617 /* StravaAPICaller.swift */; };
		EAF7AF5F276113180092F617 /* AppContentView.swift in Sources */ = {isa = PBXBuildFile; fileRef = EAF7AF57276113180092F617 /* AppContentView.swift */; };
		EAF7AF60276113180092F617 /* ProfileView.swift in Sources */ = {isa = PBXBuildFile; fileRef = EAF7AF58276113180092F617 /* ProfileView.swift */; };
		EAF7AF702761353C0092F617 /* Constants.swift in Sources */ = {isa = PBXBuildFile; fileRef = EAF7AF6F2761353C0092F617 /* Constants.swift */; };
		EAF7AF74276136EA0092F617 /* .gitignore in Resources */ = {isa = PBXBuildFile; fileRef = EAF7AF73276136EA0092F617 /* .gitignore */; };
		EAF7AF7627614CFA0092F617 /* StravaAuthManager.swift in Sources */ = {isa = PBXBuildFile; fileRef = EAF7AF7527614CFA0092F617 /* StravaAuthManager.swift */; };
		EAF7AF78276151BB0092F617 /* StravaAuthResponse.swift in Sources */ = {isa = PBXBuildFile; fileRef = EAF7AF77276151BB0092F617 /* StravaAuthResponse.swift */; };
/* End PBXBuildFile section */

/* Begin PBXContainerItemProxy section */
		EAF7AF35276113000092F617 /* PBXContainerItemProxy */ = {
			isa = PBXContainerItemProxy;
			containerPortal = EAF7AF1C276112FE0092F617 /* Project object */;
			proxyType = 1;
			remoteGlobalIDString = EAF7AF23276112FE0092F617;
			remoteInfo = AthleteAnalytics;
		};
		EAF7AF3F276113000092F617 /* PBXContainerItemProxy */ = {
			isa = PBXContainerItemProxy;
			containerPortal = EAF7AF1C276112FE0092F617 /* Project object */;
			proxyType = 1;
			remoteGlobalIDString = EAF7AF23276112FE0092F617;
			remoteInfo = AthleteAnalytics;
		};
/* End PBXContainerItemProxy section */

/* Begin PBXFileReference section */
		EA8CB6392771025C00CAF379 /* ActivityStats.swift */ = {isa = PBXFileReference; lastKnownFileType = sourcecode.swift; path = ActivityStats.swift; sourceTree = "<group>"; };
		EA8CB64427724A7800CAF379 /* MockJSONAthleteStats.json */ = {isa = PBXFileReference; lastKnownFileType = text.json; path = MockJSONAthleteStats.json; sourceTree = "<group>"; };
		EAD19625276B9644005A132C /* Extensions.swift */ = {isa = PBXFileReference; lastKnownFileType = sourcecode.swift; path = Extensions.swift; sourceTree = "<group>"; };
		EAD19629276BD11F005A132C /* Keys.swift */ = {isa = PBXFileReference; fileEncoding = 4; lastKnownFileType = sourcecode.swift; path = Keys.swift; sourceTree = "<group>"; };
		EAD1962B276CD621005A132C /* ImageLoader.swift */ = {isa = PBXFileReference; lastKnownFileType = sourcecode.swift; path = ImageLoader.swift; sourceTree = "<group>"; };
		EAD19631276D34C1005A132C /* CacheManager.swift */ = {isa = PBXFileReference; lastKnownFileType = sourcecode.swift; path = CacheManager.swift; sourceTree = "<group>"; };
		EAD19633276E6C86005A132C /* ProfileViewModelSpec.swift */ = {isa = PBXFileReference; lastKnownFileType = sourcecode.swift; path = ProfileViewModelSpec.swift; sourceTree = "<group>"; };
		EAD19635276E6CE1005A132C /* MockStravaAPICaller.swift */ = {isa = PBXFileReference; lastKnownFileType = sourcecode.swift; path = MockStravaAPICaller.swift; sourceTree = "<group>"; };
		EAF7AF24276112FE0092F617 /* AthleteAnalytics.app */ = {isa = PBXFileReference; explicitFileType = wrapper.application; includeInIndex = 0; path = AthleteAnalytics.app; sourceTree = BUILT_PRODUCTS_DIR; };
		EAF7AF27276112FE0092F617 /* AthleteAnalyticsApp.swift */ = {isa = PBXFileReference; lastKnownFileType = sourcecode.swift; path = AthleteAnalyticsApp.swift; sourceTree = "<group>"; };
		EAF7AF2B276113000092F617 /* Assets.xcassets */ = {isa = PBXFileReference; lastKnownFileType = folder.assetcatalog; path = Assets.xcassets; sourceTree = "<group>"; };
		EAF7AF2E276113000092F617 /* Preview Assets.xcassets */ = {isa = PBXFileReference; lastKnownFileType = folder.assetcatalog; path = "Preview Assets.xcassets"; sourceTree = "<group>"; };
		EAF7AF34276113000092F617 /* AthleteAnalyticsTests.xctest */ = {isa = PBXFileReference; explicitFileType = wrapper.cfbundle; includeInIndex = 0; path = AthleteAnalyticsTests.xctest; sourceTree = BUILT_PRODUCTS_DIR; };
		EAF7AF38276113000092F617 /* AthleteAnalyticsTests.swift */ = {isa = PBXFileReference; lastKnownFileType = sourcecode.swift; path = AthleteAnalyticsTests.swift; sourceTree = "<group>"; };
		EAF7AF3E276113000092F617 /* AthleteAnalyticsUITests.xctest */ = {isa = PBXFileReference; explicitFileType = wrapper.cfbundle; includeInIndex = 0; path = AthleteAnalyticsUITests.xctest; sourceTree = BUILT_PRODUCTS_DIR; };
		EAF7AF42276113000092F617 /* AthleteAnalyticsUITests.swift */ = {isa = PBXFileReference; lastKnownFileType = sourcecode.swift; path = AthleteAnalyticsUITests.swift; sourceTree = "<group>"; };
		EAF7AF44276113000092F617 /* AthleteAnalyticsUITestsLaunchTests.swift */ = {isa = PBXFileReference; lastKnownFileType = sourcecode.swift; path = AthleteAnalyticsUITestsLaunchTests.swift; sourceTree = "<group>"; };
		EAF7AF51276113180092F617 /* SignInView.swift */ = {isa = PBXFileReference; fileEncoding = 4; lastKnownFileType = sourcecode.swift; path = SignInView.swift; sourceTree = "<group>"; };
		EAF7AF53276113180092F617 /* Athlete.swift */ = {isa = PBXFileReference; fileEncoding = 4; lastKnownFileType = sourcecode.swift; path = Athlete.swift; sourceTree = "<group>"; };
		EAF7AF54276113180092F617 /* SignInViewModel.swift */ = {isa = PBXFileReference; fileEncoding = 4; lastKnownFileType = sourcecode.swift; path = SignInViewModel.swift; sourceTree = "<group>"; };
		EAF7AF55276113180092F617 /* ProfileViewModel.swift */ = {isa = PBXFileReference; fileEncoding = 4; lastKnownFileType = sourcecode.swift; path = ProfileViewModel.swift; sourceTree = "<group>"; };
		EAF7AF56276113180092F617 /* StravaAPICaller.swift */ = {isa = PBXFileReference; fileEncoding = 4; lastKnownFileType = sourcecode.swift; path = StravaAPICaller.swift; sourceTree = "<group>"; };
		EAF7AF57276113180092F617 /* AppContentView.swift */ = {isa = PBXFileReference; fileEncoding = 4; lastKnownFileType = sourcecode.swift; path = AppContentView.swift; sourceTree = "<group>"; };
		EAF7AF58276113180092F617 /* ProfileView.swift */ = {isa = PBXFileReference; fileEncoding = 4; lastKnownFileType = sourcecode.swift; path = ProfileView.swift; sourceTree = "<group>"; };
		EAF7AF632761148B0092F617 /* Info.plist */ = {isa = PBXFileReference; lastKnownFileType = text.plist; path = Info.plist; sourceTree = "<group>"; };
		EAF7AF6F2761353C0092F617 /* Constants.swift */ = {isa = PBXFileReference; lastKnownFileType = sourcecode.swift; path = Constants.swift; sourceTree = "<group>"; };
		EAF7AF73276136EA0092F617 /* .gitignore */ = {isa = PBXFileReference; lastKnownFileType = text; path = .gitignore; sourceTree = "<group>"; };
		EAF7AF7527614CFA0092F617 /* StravaAuthManager.swift */ = {isa = PBXFileReference; lastKnownFileType = sourcecode.swift; path = StravaAuthManager.swift; sourceTree = "<group>"; };
		EAF7AF77276151BB0092F617 /* StravaAuthResponse.swift */ = {isa = PBXFileReference; lastKnownFileType = sourcecode.swift; path = StravaAuthResponse.swift; sourceTree = "<group>"; };
/* End PBXFileReference section */

/* Begin PBXFrameworksBuildPhase section */
		EAF7AF21276112FE0092F617 /* Frameworks */ = {
			isa = PBXFrameworksBuildPhase;
			buildActionMask = 2147483647;
			files = (
			);
			runOnlyForDeploymentPostprocessing = 0;
		};
		EAF7AF31276113000092F617 /* Frameworks */ = {
			isa = PBXFrameworksBuildPhase;
			buildActionMask = 2147483647;
			files = (
			);
			runOnlyForDeploymentPostprocessing = 0;
		};
		EAF7AF3B276113000092F617 /* Frameworks */ = {
			isa = PBXFrameworksBuildPhase;
			buildActionMask = 2147483647;
			files = (
			);
			runOnlyForDeploymentPostprocessing = 0;
		};
/* End PBXFrameworksBuildPhase section */

/* Begin PBXGroup section */
		EA8CB64127722DE500CAF379 /* Model */ = {
			isa = PBXGroup;
			children = (
				EAF7AF53276113180092F617 /* Athlete.swift */,
				EA8CB6392771025C00CAF379 /* ActivityStats.swift */,
			);
			path = Model;
			sourceTree = "<group>";
		};
		EA8CB64627724A8C00CAF379 /* MockJSON */ = {
			isa = PBXGroup;
			children = (
			);
			path = MockJSON;
			sourceTree = "<group>";
		};
		EAD19624276B9635005A132C /* Utils */ = {
			isa = PBXGroup;
			children = (
				EAD19625276B9644005A132C /* Extensions.swift */,
				EAD1962B276CD621005A132C /* ImageLoader.swift */,
			);
			path = Utils;
			sourceTree = "<group>";
		};
		EAD19637276E7F52005A132C /* Models */ = {
			isa = PBXGroup;
			children = (
				EAF7AF77276151BB0092F617 /* StravaAuthResponse.swift */,
			);
			path = Models;
			sourceTree = "<group>";
		};
		EAF7AF1B276112FE0092F617 = {
			isa = PBXGroup;
			children = (
				EAF7AF73276136EA0092F617 /* .gitignore */,
				EAF7AF26276112FE0092F617 /* AthleteAnalytics */,
				EAF7AF37276113000092F617 /* AthleteAnalyticsTests */,
				EAF7AF41276113000092F617 /* AthleteAnalyticsUITests */,
				EAF7AF25276112FE0092F617 /* Products */,
			);
			sourceTree = "<group>";
		};
		EAF7AF25276112FE0092F617 /* Products */ = {
			isa = PBXGroup;
			children = (
				EAF7AF24276112FE0092F617 /* AthleteAnalytics.app */,
				EAF7AF34276113000092F617 /* AthleteAnalyticsTests.xctest */,
				EAF7AF3E276113000092F617 /* AthleteAnalyticsUITests.xctest */,
			);
			name = Products;
			sourceTree = "<group>";
		};
		EAF7AF26276112FE0092F617 /* AthleteAnalytics */ = {
			isa = PBXGroup;
			children = (
				EAD19624276B9635005A132C /* Utils */,
				EAF7AF632761148B0092F617 /* Info.plist */,
				EAF7AF27276112FE0092F617 /* AthleteAnalyticsApp.swift */,
				EAF7AF57276113180092F617 /* AppContentView.swift */,
				EAF7AF64276115C30092F617 /* Managers */,
				EAF7AF65276115CC0092F617 /* Profile */,
				EAD19637276E7F52005A132C /* Models */,
				EA8CB64627724A8C00CAF379 /* MockJSON */,
				EAF7AF66276115E70092F617 /* SignIn */,
				EAF7AF2B276113000092F617 /* Assets.xcassets */,
				EAF7AF2D276113000092F617 /* Preview Content */,
				EAF7AF6F2761353C0092F617 /* Constants.swift */,
				EAD19629276BD11F005A132C /* Keys.swift */,
			);
			path = AthleteAnalytics;
			sourceTree = "<group>";
		};
		EAF7AF2D276113000092F617 /* Preview Content */ = {
			isa = PBXGroup;
			children = (
				EAF7AF2E276113000092F617 /* Preview Assets.xcassets */,
			);
			path = "Preview Content";
			sourceTree = "<group>";
		};
		EAF7AF37276113000092F617 /* AthleteAnalyticsTests */ = {
			isa = PBXGroup;
			children = (
				EAF7AF38276113000092F617 /* AthleteAnalyticsTests.swift */,
				EAD19633276E6C86005A132C /* ProfileViewModelSpec.swift */,
				EAD19635276E6CE1005A132C /* MockStravaAPICaller.swift */,
			);
			path = AthleteAnalyticsTests;
			sourceTree = "<group>";
		};
		EAF7AF41276113000092F617 /* AthleteAnalyticsUITests */ = {
			isa = PBXGroup;
			children = (
				EAF7AF42276113000092F617 /* AthleteAnalyticsUITests.swift */,
				EAF7AF44276113000092F617 /* AthleteAnalyticsUITestsLaunchTests.swift */,
			);
			path = AthleteAnalyticsUITests;
			sourceTree = "<group>";
		};
		EAF7AF64276115C30092F617 /* Managers */ = {
			isa = PBXGroup;
			children = (
				EAF7AF56276113180092F617 /* StravaAPICaller.swift */,
				EAF7AF7527614CFA0092F617 /* StravaAuthManager.swift */,
				EAD19631276D34C1005A132C /* CacheManager.swift */,
			);
			path = Managers;
			sourceTree = "<group>";
		};
		EAF7AF65276115CC0092F617 /* Profile */ = {
			isa = PBXGroup;
			children = (
				EAF7AF58276113180092F617 /* ProfileView.swift */,
				EA8CB64427724A7800CAF379 /* MockJSONAthleteStats.json */,
				EAF7AF55276113180092F617 /* ProfileViewModel.swift */,
				EA8CB64127722DE500CAF379 /* Model */,
			);
			path = Profile;
			sourceTree = "<group>";
		};
		EAF7AF66276115E70092F617 /* SignIn */ = {
			isa = PBXGroup;
			children = (
				EAF7AF51276113180092F617 /* SignInView.swift */,
				EAF7AF54276113180092F617 /* SignInViewModel.swift */,
			);
			path = SignIn;
			sourceTree = "<group>";
		};
/* End PBXGroup section */

/* Begin PBXNativeTarget section */
		EAF7AF23276112FE0092F617 /* AthleteAnalytics */ = {
			isa = PBXNativeTarget;
			buildConfigurationList = EAF7AF48276113000092F617 /* Build configuration list for PBXNativeTarget "AthleteAnalytics" */;
			buildPhases = (
				EAF7AF20276112FE0092F617 /* Sources */,
				EAF7AF21276112FE0092F617 /* Frameworks */,
				EAF7AF22276112FE0092F617 /* Resources */,
			);
			buildRules = (
			);
			dependencies = (
			);
			name = AthleteAnalytics;
			productName = AthleteAnalytics;
			productReference = EAF7AF24276112FE0092F617 /* AthleteAnalytics.app */;
			productType = "com.apple.product-type.application";
		};
		EAF7AF33276113000092F617 /* AthleteAnalyticsTests */ = {
			isa = PBXNativeTarget;
			buildConfigurationList = EAF7AF4B276113000092F617 /* Build configuration list for PBXNativeTarget "AthleteAnalyticsTests" */;
			buildPhases = (
				EAF7AF30276113000092F617 /* Sources */,
				EAF7AF31276113000092F617 /* Frameworks */,
				EAF7AF32276113000092F617 /* Resources */,
			);
			buildRules = (
			);
			dependencies = (
				EAF7AF36276113000092F617 /* PBXTargetDependency */,
			);
			name = AthleteAnalyticsTests;
			productName = AthleteAnalyticsTests;
			productReference = EAF7AF34276113000092F617 /* AthleteAnalyticsTests.xctest */;
			productType = "com.apple.product-type.bundle.unit-test";
		};
		EAF7AF3D276113000092F617 /* AthleteAnalyticsUITests */ = {
			isa = PBXNativeTarget;
			buildConfigurationList = EAF7AF4E276113000092F617 /* Build configuration list for PBXNativeTarget "AthleteAnalyticsUITests" */;
			buildPhases = (
				EAF7AF3A276113000092F617 /* Sources */,
				EAF7AF3B276113000092F617 /* Frameworks */,
				EAF7AF3C276113000092F617 /* Resources */,
			);
			buildRules = (
			);
			dependencies = (
				EAF7AF40276113000092F617 /* PBXTargetDependency */,
			);
			name = AthleteAnalyticsUITests;
			productName = AthleteAnalyticsUITests;
			productReference = EAF7AF3E276113000092F617 /* AthleteAnalyticsUITests.xctest */;
			productType = "com.apple.product-type.bundle.ui-testing";
		};
/* End PBXNativeTarget section */

/* Begin PBXProject section */
		EAF7AF1C276112FE0092F617 /* Project object */ = {
			isa = PBXProject;
			attributes = {
				BuildIndependentTargetsInParallel = 1;
				LastSwiftUpdateCheck = 1310;
				LastUpgradeCheck = 1310;
				TargetAttributes = {
					EAF7AF23276112FE0092F617 = {
						CreatedOnToolsVersion = 13.1;
					};
					EAF7AF33276113000092F617 = {
						CreatedOnToolsVersion = 13.1;
						TestTargetID = EAF7AF23276112FE0092F617;
					};
					EAF7AF3D276113000092F617 = {
						CreatedOnToolsVersion = 13.1;
						TestTargetID = EAF7AF23276112FE0092F617;
					};
				};
			};
			buildConfigurationList = EAF7AF1F276112FE0092F617 /* Build configuration list for PBXProject "AthleteAnalytics" */;
			compatibilityVersion = "Xcode 13.0";
			developmentRegion = en;
			hasScannedForEncodings = 0;
			knownRegions = (
				en,
				Base,
			);
			mainGroup = EAF7AF1B276112FE0092F617;
			productRefGroup = EAF7AF25276112FE0092F617 /* Products */;
			projectDirPath = "";
			projectRoot = "";
			targets = (
				EAF7AF23276112FE0092F617 /* AthleteAnalytics */,
				EAF7AF33276113000092F617 /* AthleteAnalyticsTests */,
				EAF7AF3D276113000092F617 /* AthleteAnalyticsUITests */,
			);
		};
/* End PBXProject section */

/* Begin PBXResourcesBuildPhase section */
		EAF7AF22276112FE0092F617 /* Resources */ = {
			isa = PBXResourcesBuildPhase;
			buildActionMask = 2147483647;
			files = (
				EAF7AF2F276113000092F617 /* Preview Assets.xcassets in Resources */,
				EAF7AF74276136EA0092F617 /* .gitignore in Resources */,
				EA8CB64527724A7800CAF379 /* MockJSONAthleteStats.json in Resources */,
				EAF7AF2C276113000092F617 /* Assets.xcassets in Resources */,
			);
			runOnlyForDeploymentPostprocessing = 0;
		};
		EAF7AF32276113000092F617 /* Resources */ = {
			isa = PBXResourcesBuildPhase;
			buildActionMask = 2147483647;
			files = (
			);
			runOnlyForDeploymentPostprocessing = 0;
		};
		EAF7AF3C276113000092F617 /* Resources */ = {
			isa = PBXResourcesBuildPhase;
			buildActionMask = 2147483647;
			files = (
			);
			runOnlyForDeploymentPostprocessing = 0;
		};
/* End PBXResourcesBuildPhase section */

/* Begin PBXSourcesBuildPhase section */
		EAF7AF20276112FE0092F617 /* Sources */ = {
			isa = PBXSourcesBuildPhase;
			buildActionMask = 2147483647;
			files = (
				EAF7AF5F276113180092F617 /* AppContentView.swift in Sources */,
				EAD19632276D34C1005A132C /* CacheManager.swift in Sources */,
				EAF7AF78276151BB0092F617 /* StravaAuthResponse.swift in Sources */,
				EAD1962C276CD621005A132C /* ImageLoader.swift in Sources */,
				EAF7AF5B276113180092F617 /* Athlete.swift in Sources */,
				EA8CB63A2771025C00CAF379 /* ActivityStats.swift in Sources */,
				EAF7AF60276113180092F617 /* ProfileView.swift in Sources */,
				EAF7AF5C276113180092F617 /* SignInViewModel.swift in Sources */,
				EAF7AF59276113180092F617 /* SignInView.swift in Sources */,
				EAF7AF5E276113180092F617 /* StravaAPICaller.swift in Sources */,
				EAF7AF28276112FE0092F617 /* AthleteAnalyticsApp.swift in Sources */,
				EAD19626276B9644005A132C /* Extensions.swift in Sources */,
				EAF7AF7627614CFA0092F617 /* StravaAuthManager.swift in Sources */,
				EAF7AF5D276113180092F617 /* ProfileViewModel.swift in Sources */,
				EAD1962A276BD11F005A132C /* Keys.swift in Sources */,
				EAF7AF702761353C0092F617 /* Constants.swift in Sources */,
			);
			runOnlyForDeploymentPostprocessing = 0;
		};
		EAF7AF30276113000092F617 /* Sources */ = {
			isa = PBXSourcesBuildPhase;
			buildActionMask = 2147483647;
			files = (
				EAF7AF39276113000092F617 /* AthleteAnalyticsTests.swift in Sources */,
				EAD19634276E6C86005A132C /* ProfileViewModelSpec.swift in Sources */,
				EAD19636276E6CE1005A132C /* MockStravaAPICaller.swift in Sources */,
			);
			runOnlyForDeploymentPostprocessing = 0;
		};
		EAF7AF3A276113000092F617 /* Sources */ = {
			isa = PBXSourcesBuildPhase;
			buildActionMask = 2147483647;
			files = (
				EAF7AF43276113000092F617 /* AthleteAnalyticsUITests.swift in Sources */,
				EAF7AF45276113000092F617 /* AthleteAnalyticsUITestsLaunchTests.swift in Sources */,
			);
			runOnlyForDeploymentPostprocessing = 0;
		};
/* End PBXSourcesBuildPhase section */

/* Begin PBXTargetDependency section */
		EAF7AF36276113000092F617 /* PBXTargetDependency */ = {
			isa = PBXTargetDependency;
			target = EAF7AF23276112FE0092F617 /* AthleteAnalytics */;
			targetProxy = EAF7AF35276113000092F617 /* PBXContainerItemProxy */;
		};
		EAF7AF40276113000092F617 /* PBXTargetDependency */ = {
			isa = PBXTargetDependency;
			target = EAF7AF23276112FE0092F617 /* AthleteAnalytics */;
			targetProxy = EAF7AF3F276113000092F617 /* PBXContainerItemProxy */;
		};
/* End PBXTargetDependency section */

/* Begin XCBuildConfiguration section */
		EA8CB6332770DE9900CAF379 /* Preview */ = {
			isa = XCBuildConfiguration;
			buildSettings = {
				ALWAYS_SEARCH_USER_PATHS = NO;
				CLANG_ANALYZER_NONNULL = YES;
				CLANG_ANALYZER_NUMBER_OBJECT_CONVERSION = YES_AGGRESSIVE;
				CLANG_CXX_LANGUAGE_STANDARD = "gnu++17";
				CLANG_CXX_LIBRARY = "libc++";
				CLANG_ENABLE_MODULES = YES;
				CLANG_ENABLE_OBJC_ARC = YES;
				CLANG_ENABLE_OBJC_WEAK = YES;
				CLANG_WARN_BLOCK_CAPTURE_AUTORELEASING = YES;
				CLANG_WARN_BOOL_CONVERSION = YES;
				CLANG_WARN_COMMA = YES;
				CLANG_WARN_CONSTANT_CONVERSION = YES;
				CLANG_WARN_DEPRECATED_OBJC_IMPLEMENTATIONS = YES;
				CLANG_WARN_DIRECT_OBJC_ISA_USAGE = YES_ERROR;
				CLANG_WARN_DOCUMENTATION_COMMENTS = YES;
				CLANG_WARN_EMPTY_BODY = YES;
				CLANG_WARN_ENUM_CONVERSION = YES;
				CLANG_WARN_INFINITE_RECURSION = YES;
				CLANG_WARN_INT_CONVERSION = YES;
				CLANG_WARN_NON_LITERAL_NULL_CONVERSION = YES;
				CLANG_WARN_OBJC_IMPLICIT_RETAIN_SELF = YES;
				CLANG_WARN_OBJC_LITERAL_CONVERSION = YES;
				CLANG_WARN_OBJC_ROOT_CLASS = YES_ERROR;
				CLANG_WARN_QUOTED_INCLUDE_IN_FRAMEWORK_HEADER = YES;
				CLANG_WARN_RANGE_LOOP_ANALYSIS = YES;
				CLANG_WARN_STRICT_PROTOTYPES = YES;
				CLANG_WARN_SUSPICIOUS_MOVE = YES;
				CLANG_WARN_UNGUARDED_AVAILABILITY = YES_AGGRESSIVE;
				CLANG_WARN_UNREACHABLE_CODE = YES;
				CLANG_WARN__DUPLICATE_METHOD_MATCH = YES;
				COPY_PHASE_STRIP = NO;
				DEBUG_INFORMATION_FORMAT = dwarf;
				ENABLE_STRICT_OBJC_MSGSEND = YES;
				ENABLE_TESTABILITY = YES;
				GCC_C_LANGUAGE_STANDARD = gnu11;
				GCC_DYNAMIC_NO_PIC = NO;
				GCC_NO_COMMON_BLOCKS = YES;
				GCC_OPTIMIZATION_LEVEL = 0;
				GCC_PREPROCESSOR_DEFINITIONS = (
					"DEBUG=1",
					"$(inherited)",
				);
				GCC_WARN_64_TO_32_BIT_CONVERSION = YES;
				GCC_WARN_ABOUT_RETURN_TYPE = YES_ERROR;
				GCC_WARN_UNDECLARED_SELECTOR = YES;
				GCC_WARN_UNINITIALIZED_AUTOS = YES_AGGRESSIVE;
				GCC_WARN_UNUSED_FUNCTION = YES;
				GCC_WARN_UNUSED_VARIABLE = YES;
				IPHONEOS_DEPLOYMENT_TARGET = 15.0;
				MTL_ENABLE_DEBUG_INFO = INCLUDE_SOURCE;
				MTL_FAST_MATH = YES;
				ONLY_ACTIVE_ARCH = YES;
				SDKROOT = iphoneos;
				SWIFT_ACTIVE_COMPILATION_CONDITIONS = DEBUG;
				SWIFT_OPTIMIZATION_LEVEL = "-Onone";
			};
			name = Preview;
		};
		EA8CB6342770DE9900CAF379 /* Preview */ = {
			isa = XCBuildConfiguration;
			buildSettings = {
				ASSETCATALOG_COMPILER_APPICON_NAME = AppIcon;
				ASSETCATALOG_COMPILER_GLOBAL_ACCENT_COLOR_NAME = AccentColor;
				CODE_SIGN_STYLE = Automatic;
				CURRENT_PROJECT_VERSION = 1;
				DEVELOPMENT_ASSET_PATHS = "\"AthleteAnalytics/Preview Content\"";
				DEVELOPMENT_TEAM = AZ2X8YV7UR;
				ENABLE_PREVIEWS = YES;
				GENERATE_INFOPLIST_FILE = YES;
				INFOPLIST_FILE = AthleteAnalytics/Info.plist;
				INFOPLIST_KEY_UIApplicationSceneManifest_Generation = YES;
				INFOPLIST_KEY_UIApplicationSupportsIndirectInputEvents = YES;
				INFOPLIST_KEY_UILaunchScreen_Generation = YES;
				INFOPLIST_KEY_UISupportedInterfaceOrientations_iPad = "UIInterfaceOrientationPortrait UIInterfaceOrientationPortraitUpsideDown UIInterfaceOrientationLandscapeLeft UIInterfaceOrientationLandscapeRight";
				INFOPLIST_KEY_UISupportedInterfaceOrientations_iPhone = "UIInterfaceOrientationPortrait UIInterfaceOrientationLandscapeLeft UIInterfaceOrientationLandscapeRight";
				LD_RUNPATH_SEARCH_PATHS = (
					"$(inherited)",
					"@executable_path/Frameworks",
				);
				MARKETING_VERSION = 1.0;
				PRODUCT_BUNDLE_IDENTIFIER = com.leeaidan.AthleteAnalytics;
				PRODUCT_NAME = "$(TARGET_NAME)";
				SWIFT_EMIT_LOC_STRINGS = YES;
				SWIFT_VERSION = 5.0;
				TARGETED_DEVICE_FAMILY = "1,2";
			};
			name = Preview;
		};
		EA8CB6352770DE9900CAF379 /* Preview */ = {
			isa = XCBuildConfiguration;
			buildSettings = {
				ALWAYS_EMBED_SWIFT_STANDARD_LIBRARIES = YES;
				BUNDLE_LOADER = "$(TEST_HOST)";
				CODE_SIGN_STYLE = Automatic;
				CURRENT_PROJECT_VERSION = 1;
				DEVELOPMENT_TEAM = AZ2X8YV7UR;
				GENERATE_INFOPLIST_FILE = YES;
				IPHONEOS_DEPLOYMENT_TARGET = 15.0;
				LD_RUNPATH_SEARCH_PATHS = (
					"$(inherited)",
					"@executable_path/Frameworks",
					"@loader_path/Frameworks",
				);
				MARKETING_VERSION = 1.0;
				PRODUCT_BUNDLE_IDENTIFIER = com.leeaidan.AthleteAnalyticsTests;
				PRODUCT_NAME = "$(TARGET_NAME)";
				SWIFT_EMIT_LOC_STRINGS = NO;
				SWIFT_VERSION = 5.0;
				TARGETED_DEVICE_FAMILY = "1,2";
				TEST_HOST = "$(BUILT_PRODUCTS_DIR)/AthleteAnalytics.app/AthleteAnalytics";
			};
			name = Preview;
		};
		EA8CB6362770DE9900CAF379 /* Preview */ = {
			isa = XCBuildConfiguration;
			buildSettings = {
				ALWAYS_EMBED_SWIFT_STANDARD_LIBRARIES = YES;
				CODE_SIGN_STYLE = Automatic;
				CURRENT_PROJECT_VERSION = 1;
				DEVELOPMENT_TEAM = AZ2X8YV7UR;
				GENERATE_INFOPLIST_FILE = YES;
				LD_RUNPATH_SEARCH_PATHS = (
					"$(inherited)",
					"@executable_path/Frameworks",
					"@loader_path/Frameworks",
				);
				MARKETING_VERSION = 1.0;
				PRODUCT_BUNDLE_IDENTIFIER = com.leeaidan.AthleteAnalyticsUITests;
				PRODUCT_NAME = "$(TARGET_NAME)";
				SWIFT_EMIT_LOC_STRINGS = NO;
				SWIFT_VERSION = 5.0;
				TARGETED_DEVICE_FAMILY = "1,2";
				TEST_TARGET_NAME = AthleteAnalytics;
			};
			name = Preview;
		};
		EAF7AF46276113000092F617 /* Debug */ = {
			isa = XCBuildConfiguration;
			buildSettings = {
				ALWAYS_SEARCH_USER_PATHS = NO;
				CLANG_ANALYZER_NONNULL = YES;
				CLANG_ANALYZER_NUMBER_OBJECT_CONVERSION = YES_AGGRESSIVE;
				CLANG_CXX_LANGUAGE_STANDARD = "gnu++17";
				CLANG_CXX_LIBRARY = "libc++";
				CLANG_ENABLE_MODULES = YES;
				CLANG_ENABLE_OBJC_ARC = YES;
				CLANG_ENABLE_OBJC_WEAK = YES;
				CLANG_WARN_BLOCK_CAPTURE_AUTORELEASING = YES;
				CLANG_WARN_BOOL_CONVERSION = YES;
				CLANG_WARN_COMMA = YES;
				CLANG_WARN_CONSTANT_CONVERSION = YES;
				CLANG_WARN_DEPRECATED_OBJC_IMPLEMENTATIONS = YES;
				CLANG_WARN_DIRECT_OBJC_ISA_USAGE = YES_ERROR;
				CLANG_WARN_DOCUMENTATION_COMMENTS = YES;
				CLANG_WARN_EMPTY_BODY = YES;
				CLANG_WARN_ENUM_CONVERSION = YES;
				CLANG_WARN_INFINITE_RECURSION = YES;
				CLANG_WARN_INT_CONVERSION = YES;
				CLANG_WARN_NON_LITERAL_NULL_CONVERSION = YES;
				CLANG_WARN_OBJC_IMPLICIT_RETAIN_SELF = YES;
				CLANG_WARN_OBJC_LITERAL_CONVERSION = YES;
				CLANG_WARN_OBJC_ROOT_CLASS = YES_ERROR;
				CLANG_WARN_QUOTED_INCLUDE_IN_FRAMEWORK_HEADER = YES;
				CLANG_WARN_RANGE_LOOP_ANALYSIS = YES;
				CLANG_WARN_STRICT_PROTOTYPES = YES;
				CLANG_WARN_SUSPICIOUS_MOVE = YES;
				CLANG_WARN_UNGUARDED_AVAILABILITY = YES_AGGRESSIVE;
				CLANG_WARN_UNREACHABLE_CODE = YES;
				CLANG_WARN__DUPLICATE_METHOD_MATCH = YES;
				COPY_PHASE_STRIP = NO;
				DEBUG_INFORMATION_FORMAT = dwarf;
				ENABLE_STRICT_OBJC_MSGSEND = YES;
				ENABLE_TESTABILITY = YES;
				GCC_C_LANGUAGE_STANDARD = gnu11;
				GCC_DYNAMIC_NO_PIC = NO;
				GCC_NO_COMMON_BLOCKS = YES;
				GCC_OPTIMIZATION_LEVEL = 0;
				GCC_PREPROCESSOR_DEFINITIONS = (
					"DEBUG=1",
					"$(inherited)",
				);
				GCC_WARN_64_TO_32_BIT_CONVERSION = YES;
				GCC_WARN_ABOUT_RETURN_TYPE = YES_ERROR;
				GCC_WARN_UNDECLARED_SELECTOR = YES;
				GCC_WARN_UNINITIALIZED_AUTOS = YES_AGGRESSIVE;
				GCC_WARN_UNUSED_FUNCTION = YES;
				GCC_WARN_UNUSED_VARIABLE = YES;
				IPHONEOS_DEPLOYMENT_TARGET = 15.0;
				MTL_ENABLE_DEBUG_INFO = INCLUDE_SOURCE;
				MTL_FAST_MATH = YES;
				ONLY_ACTIVE_ARCH = YES;
				SDKROOT = iphoneos;
				SWIFT_ACTIVE_COMPILATION_CONDITIONS = DEBUG;
				SWIFT_OPTIMIZATION_LEVEL = "-Onone";
			};
			name = Debug;
		};
		EAF7AF47276113000092F617 /* Release */ = {
			isa = XCBuildConfiguration;
			buildSettings = {
				ALWAYS_SEARCH_USER_PATHS = NO;
				CLANG_ANALYZER_NONNULL = YES;
				CLANG_ANALYZER_NUMBER_OBJECT_CONVERSION = YES_AGGRESSIVE;
				CLANG_CXX_LANGUAGE_STANDARD = "gnu++17";
				CLANG_CXX_LIBRARY = "libc++";
				CLANG_ENABLE_MODULES = YES;
				CLANG_ENABLE_OBJC_ARC = YES;
				CLANG_ENABLE_OBJC_WEAK = YES;
				CLANG_WARN_BLOCK_CAPTURE_AUTORELEASING = YES;
				CLANG_WARN_BOOL_CONVERSION = YES;
				CLANG_WARN_COMMA = YES;
				CLANG_WARN_CONSTANT_CONVERSION = YES;
				CLANG_WARN_DEPRECATED_OBJC_IMPLEMENTATIONS = YES;
				CLANG_WARN_DIRECT_OBJC_ISA_USAGE = YES_ERROR;
				CLANG_WARN_DOCUMENTATION_COMMENTS = YES;
				CLANG_WARN_EMPTY_BODY = YES;
				CLANG_WARN_ENUM_CONVERSION = YES;
				CLANG_WARN_INFINITE_RECURSION = YES;
				CLANG_WARN_INT_CONVERSION = YES;
				CLANG_WARN_NON_LITERAL_NULL_CONVERSION = YES;
				CLANG_WARN_OBJC_IMPLICIT_RETAIN_SELF = YES;
				CLANG_WARN_OBJC_LITERAL_CONVERSION = YES;
				CLANG_WARN_OBJC_ROOT_CLASS = YES_ERROR;
				CLANG_WARN_QUOTED_INCLUDE_IN_FRAMEWORK_HEADER = YES;
				CLANG_WARN_RANGE_LOOP_ANALYSIS = YES;
				CLANG_WARN_STRICT_PROTOTYPES = YES;
				CLANG_WARN_SUSPICIOUS_MOVE = YES;
				CLANG_WARN_UNGUARDED_AVAILABILITY = YES_AGGRESSIVE;
				CLANG_WARN_UNREACHABLE_CODE = YES;
				CLANG_WARN__DUPLICATE_METHOD_MATCH = YES;
				COPY_PHASE_STRIP = NO;
				DEBUG_INFORMATION_FORMAT = "dwarf-with-dsym";
				ENABLE_NS_ASSERTIONS = NO;
				ENABLE_STRICT_OBJC_MSGSEND = YES;
				GCC_C_LANGUAGE_STANDARD = gnu11;
				GCC_NO_COMMON_BLOCKS = YES;
				GCC_WARN_64_TO_32_BIT_CONVERSION = YES;
				GCC_WARN_ABOUT_RETURN_TYPE = YES_ERROR;
				GCC_WARN_UNDECLARED_SELECTOR = YES;
				GCC_WARN_UNINITIALIZED_AUTOS = YES_AGGRESSIVE;
				GCC_WARN_UNUSED_FUNCTION = YES;
				GCC_WARN_UNUSED_VARIABLE = YES;
				IPHONEOS_DEPLOYMENT_TARGET = 15.0;
				MTL_ENABLE_DEBUG_INFO = NO;
				MTL_FAST_MATH = YES;
				SDKROOT = iphoneos;
				SWIFT_COMPILATION_MODE = wholemodule;
				SWIFT_OPTIMIZATION_LEVEL = "-O";
				VALIDATE_PRODUCT = YES;
			};
			name = Release;
		};
		EAF7AF49276113000092F617 /* Debug */ = {
			isa = XCBuildConfiguration;
			buildSettings = {
				ASSETCATALOG_COMPILER_APPICON_NAME = AppIcon;
				ASSETCATALOG_COMPILER_GLOBAL_ACCENT_COLOR_NAME = AccentColor;
				CODE_SIGN_STYLE = Automatic;
				CURRENT_PROJECT_VERSION = 1;
				DEVELOPMENT_ASSET_PATHS = "\"AthleteAnalytics/Preview Content\"";
				DEVELOPMENT_TEAM = AZ2X8YV7UR;
				ENABLE_PREVIEWS = YES;
				GENERATE_INFOPLIST_FILE = YES;
				INFOPLIST_FILE = AthleteAnalytics/Info.plist;
				INFOPLIST_KEY_UIApplicationSceneManifest_Generation = YES;
				INFOPLIST_KEY_UIApplicationSupportsIndirectInputEvents = YES;
				INFOPLIST_KEY_UILaunchScreen_Generation = YES;
				INFOPLIST_KEY_UISupportedInterfaceOrientations_iPad = "UIInterfaceOrientationPortrait UIInterfaceOrientationPortraitUpsideDown UIInterfaceOrientationLandscapeLeft UIInterfaceOrientationLandscapeRight";
				INFOPLIST_KEY_UISupportedInterfaceOrientations_iPhone = "UIInterfaceOrientationPortrait UIInterfaceOrientationLandscapeLeft UIInterfaceOrientationLandscapeRight";
				LD_RUNPATH_SEARCH_PATHS = (
					"$(inherited)",
					"@executable_path/Frameworks",
				);
				MARKETING_VERSION = 1.0;
				PRODUCT_BUNDLE_IDENTIFIER = com.leeaidan.AthleteAnalytics;
				PRODUCT_NAME = "$(TARGET_NAME)";
				SWIFT_EMIT_LOC_STRINGS = YES;
				SWIFT_VERSION = 5.0;
				TARGETED_DEVICE_FAMILY = "1,2";
			};
			name = Debug;
		};
		EAF7AF4A276113000092F617 /* Release */ = {
			isa = XCBuildConfiguration;
			buildSettings = {
				ASSETCATALOG_COMPILER_APPICON_NAME = AppIcon;
				ASSETCATALOG_COMPILER_GLOBAL_ACCENT_COLOR_NAME = AccentColor;
				CODE_SIGN_STYLE = Automatic;
				CURRENT_PROJECT_VERSION = 1;
				DEVELOPMENT_ASSET_PATHS = "\"AthleteAnalytics/Preview Content\"";
				DEVELOPMENT_TEAM = AZ2X8YV7UR;
				ENABLE_PREVIEWS = YES;
				GENERATE_INFOPLIST_FILE = YES;
				INFOPLIST_FILE = AthleteAnalytics/Info.plist;
				INFOPLIST_KEY_UIApplicationSceneManifest_Generation = YES;
				INFOPLIST_KEY_UIApplicationSupportsIndirectInputEvents = YES;
				INFOPLIST_KEY_UILaunchScreen_Generation = YES;
				INFOPLIST_KEY_UISupportedInterfaceOrientations_iPad = "UIInterfaceOrientationPortrait UIInterfaceOrientationPortraitUpsideDown UIInterfaceOrientationLandscapeLeft UIInterfaceOrientationLandscapeRight";
				INFOPLIST_KEY_UISupportedInterfaceOrientations_iPhone = "UIInterfaceOrientationPortrait UIInterfaceOrientationLandscapeLeft UIInterfaceOrientationLandscapeRight";
				LD_RUNPATH_SEARCH_PATHS = (
					"$(inherited)",
					"@executable_path/Frameworks",
				);
				MARKETING_VERSION = 1.0;
				PRODUCT_BUNDLE_IDENTIFIER = com.leeaidan.AthleteAnalytics;
				PRODUCT_NAME = "$(TARGET_NAME)";
				SWIFT_EMIT_LOC_STRINGS = YES;
				SWIFT_VERSION = 5.0;
				TARGETED_DEVICE_FAMILY = "1,2";
			};
			name = Release;
		};
		EAF7AF4C276113000092F617 /* Debug */ = {
			isa = XCBuildConfiguration;
			buildSettings = {
				ALWAYS_EMBED_SWIFT_STANDARD_LIBRARIES = YES;
				BUNDLE_LOADER = "$(TEST_HOST)";
				CODE_SIGN_STYLE = Automatic;
				CURRENT_PROJECT_VERSION = 1;
				DEVELOPMENT_TEAM = AZ2X8YV7UR;
				GENERATE_INFOPLIST_FILE = YES;
				IPHONEOS_DEPLOYMENT_TARGET = 15.0;
				LD_RUNPATH_SEARCH_PATHS = (
					"$(inherited)",
					"@executable_path/Frameworks",
					"@loader_path/Frameworks",
				);
				MARKETING_VERSION = 1.0;
				PRODUCT_BUNDLE_IDENTIFIER = com.leeaidan.AthleteAnalyticsTests;
				PRODUCT_NAME = "$(TARGET_NAME)";
				SWIFT_EMIT_LOC_STRINGS = NO;
				SWIFT_VERSION = 5.0;
				TARGETED_DEVICE_FAMILY = "1,2";
				TEST_HOST = "$(BUILT_PRODUCTS_DIR)/AthleteAnalytics.app/AthleteAnalytics";
			};
			name = Debug;
		};
		EAF7AF4D276113000092F617 /* Release */ = {
			isa = XCBuildConfiguration;
			buildSettings = {
				ALWAYS_EMBED_SWIFT_STANDARD_LIBRARIES = YES;
				BUNDLE_LOADER = "$(TEST_HOST)";
				CODE_SIGN_STYLE = Automatic;
				CURRENT_PROJECT_VERSION = 1;
				DEVELOPMENT_TEAM = AZ2X8YV7UR;
				GENERATE_INFOPLIST_FILE = YES;
				IPHONEOS_DEPLOYMENT_TARGET = 15.0;
				LD_RUNPATH_SEARCH_PATHS = (
					"$(inherited)",
					"@executable_path/Frameworks",
					"@loader_path/Frameworks",
				);
				MARKETING_VERSION = 1.0;
				PRODUCT_BUNDLE_IDENTIFIER = com.leeaidan.AthleteAnalyticsTests;
				PRODUCT_NAME = "$(TARGET_NAME)";
				SWIFT_EMIT_LOC_STRINGS = NO;
				SWIFT_VERSION = 5.0;
				TARGETED_DEVICE_FAMILY = "1,2";
				TEST_HOST = "$(BUILT_PRODUCTS_DIR)/AthleteAnalytics.app/AthleteAnalytics";
			};
			name = Release;
		};
		EAF7AF4F276113000092F617 /* Debug */ = {
			isa = XCBuildConfiguration;
			buildSettings = {
				ALWAYS_EMBED_SWIFT_STANDARD_LIBRARIES = YES;
				CODE_SIGN_STYLE = Automatic;
				CURRENT_PROJECT_VERSION = 1;
				DEVELOPMENT_TEAM = AZ2X8YV7UR;
				GENERATE_INFOPLIST_FILE = YES;
				LD_RUNPATH_SEARCH_PATHS = (
					"$(inherited)",
					"@executable_path/Frameworks",
					"@loader_path/Frameworks",
				);
				MARKETING_VERSION = 1.0;
				PRODUCT_BUNDLE_IDENTIFIER = com.leeaidan.AthleteAnalyticsUITests;
				PRODUCT_NAME = "$(TARGET_NAME)";
				SWIFT_EMIT_LOC_STRINGS = NO;
				SWIFT_VERSION = 5.0;
				TARGETED_DEVICE_FAMILY = "1,2";
				TEST_TARGET_NAME = AthleteAnalytics;
			};
			name = Debug;
		};
		EAF7AF50276113000092F617 /* Release */ = {
			isa = XCBuildConfiguration;
			buildSettings = {
				ALWAYS_EMBED_SWIFT_STANDARD_LIBRARIES = YES;
				CODE_SIGN_STYLE = Automatic;
				CURRENT_PROJECT_VERSION = 1;
				DEVELOPMENT_TEAM = AZ2X8YV7UR;
				GENERATE_INFOPLIST_FILE = YES;
				LD_RUNPATH_SEARCH_PATHS = (
					"$(inherited)",
					"@executable_path/Frameworks",
					"@loader_path/Frameworks",
				);
				MARKETING_VERSION = 1.0;
				PRODUCT_BUNDLE_IDENTIFIER = com.leeaidan.AthleteAnalyticsUITests;
				PRODUCT_NAME = "$(TARGET_NAME)";
				SWIFT_EMIT_LOC_STRINGS = NO;
				SWIFT_VERSION = 5.0;
				TARGETED_DEVICE_FAMILY = "1,2";
				TEST_TARGET_NAME = AthleteAnalytics;
			};
			name = Release;
		};
/* End XCBuildConfiguration section */

/* Begin XCConfigurationList section */
		EAF7AF1F276112FE0092F617 /* Build configuration list for PBXProject "AthleteAnalytics" */ = {
			isa = XCConfigurationList;
			buildConfigurations = (
				EAF7AF46276113000092F617 /* Debug */,
				EA8CB6332770DE9900CAF379 /* Preview */,
				EAF7AF47276113000092F617 /* Release */,
			);
			defaultConfigurationIsVisible = 0;
			defaultConfigurationName = Release;
		};
		EAF7AF48276113000092F617 /* Build configuration list for PBXNativeTarget "AthleteAnalytics" */ = {
			isa = XCConfigurationList;
			buildConfigurations = (
				EAF7AF49276113000092F617 /* Debug */,
				EA8CB6342770DE9900CAF379 /* Preview */,
				EAF7AF4A276113000092F617 /* Release */,
			);
			defaultConfigurationIsVisible = 0;
			defaultConfigurationName = Release;
		};
		EAF7AF4B276113000092F617 /* Build configuration list for PBXNativeTarget "AthleteAnalyticsTests" */ = {
			isa = XCConfigurationList;
			buildConfigurations = (
				EAF7AF4C276113000092F617 /* Debug */,
				EA8CB6352770DE9900CAF379 /* Preview */,
				EAF7AF4D276113000092F617 /* Release */,
			);
			defaultConfigurationIsVisible = 0;
			defaultConfigurationName = Release;
		};
		EAF7AF4E276113000092F617 /* Build configuration list for PBXNativeTarget "AthleteAnalyticsUITests" */ = {
			isa = XCConfigurationList;
			buildConfigurations = (
				EAF7AF4F276113000092F617 /* Debug */,
				EA8CB6362770DE9900CAF379 /* Preview */,
				EAF7AF50276113000092F617 /* Release */,
			);
			defaultConfigurationIsVisible = 0;
			defaultConfigurationName = Release;
		};
/* End XCConfigurationList section */
	};
	rootObject = EAF7AF1C276112FE0092F617 /* Project object */;
}
